{
  "name": "zeeeco",
  "version": "1.0.0",
  "lockfileVersion": 1,
  "requires": true,
  "dependencies": {
    "coeur": {
      "version": "0.1.57",
      "resolved": "https://registry.npmjs.org/coeur/-/coeur-0.1.57.tgz",
      "integrity": "sha512-ij2/Uv8vhLacVWs579wZT+ZFD4FJZLyKK5cpBjy+bwpO8ZdVQgiv0cLMEEmizN3O8ZME4PaM/AXNYf38aRG6Cg=="
    }
  }
}
