{
  "name": "zeeeco",
  "version": "1.0.0",
  "lockfileVersion": 1,
  "requires": true,
  "dependencies": {
    "coeur": {
      "version": "0.1.58",
      "resolved": "https://registry.npmjs.org/coeur/-/coeur-0.1.58.tgz",
      "integrity": "sha512-+64NDBO2Zx99RxcNcZPPS9/cToZOhUCrJmtTiwzV9pT3HH2/SNnAtefRAceVVoSGnGPX4qIVR8GRzt8/0f/xZA=="
    }
  }
}
