{
  "name": "zeeeco",
  "version": "1.0.0",
  "lockfileVersion": 1,
  "requires": true,
  "dependencies": {
    "coeur": {
      "version": "0.1.56",
      "resolved": "https://registry.npmjs.org/coeur/-/coeur-0.1.56.tgz",
      "integrity": "sha512-dbaYEgbj11gTxyTC8/dljTHvzEyJG8x0U4EavMs7rdrQFufN+l92XnUaeiXXY5JKRbA7nrmhB02IvSCowcl2TQ=="
    }
  }
}
